
Microsoft Visual Studio Solution File, Format Version 12.00
# Visual Studio Version 17
VisualStudioVersion = 17.13.35818.85 d17.13
MinimumVisualStudioVersion = 10.0.40219.1
Project("{FAE04EC0-301F-11D3-BF4B-00C04F79EFBC}") = "LikeLionTest34", "LikeLionTest34\LikeLionTest34.csproj", "{173BEE97-D651-4DB0-9640-D1D4F36E045E}"
EndProject
Global
	GlobalSection(SolutionConfigurationPlatforms) = preSolution
		Debug|Any CPU = Debug|Any CPU
		Release|Any CPU = Release|Any CPU
	EndGlobalSection
	GlobalSection(ProjectConfigurationPlatforms) = postSolution
		{173BEE97-D651-4DB0-9640-D1D4F36E045E}.Debug|Any CPU.ActiveCfg = Debug|Any CPU
		{173BEE97-D651-4DB0-9640-D1D4F36E045E}.Debug|Any CPU.Build.0 = Debug|Any CPU
		{173BEE97-D651-4DB0-9640-D1D4F36E045E}.Release|Any CPU.ActiveCfg = Release|Any CPU
		{173BEE97-D651-4DB0-9640-D1D4F36E045E}.Release|Any CPU.Build.0 = Release|Any CPU
	EndGlobalSection
	GlobalSection(SolutionProperties) = preSolution
		HideSolutionNode = FALSE
	EndGlobalSection
	GlobalSection(ExtensibilityGlobals) = postSolution
		SolutionGuid = {CD0C5BCC-9C97-4951-B4AB-22E19849DEB4}
	EndGlobalSection
EndGlobal
