
Microsoft Visual Studio Solution File, Format Version 12.00
# Visual Studio Version 17
VisualStudioVersion = 17.13.35818.85 d17.13
MinimumVisualStudioVersion = 10.0.40219.1
Project("{FAE04EC0-301F-11D3-BF4B-00C04F79EFBC}") = "LikeLionTest22", "LikeLionTest22\LikeLionTest22.csproj", "{9C4E3BD6-87B7-4386-9361-98192CDB61D3}"
EndProject
Global
	GlobalSection(SolutionConfigurationPlatforms) = preSolution
		Debug|Any CPU = Debug|Any CPU
		Release|Any CPU = Release|Any CPU
	EndGlobalSection
	GlobalSection(ProjectConfigurationPlatforms) = postSolution
		{9C4E3BD6-87B7-4386-9361-98192CDB61D3}.Debug|Any CPU.ActiveCfg = Debug|Any CPU
		{9C4E3BD6-87B7-4386-9361-98192CDB61D3}.Debug|Any CPU.Build.0 = Debug|Any CPU
		{9C4E3BD6-87B7-4386-9361-98192CDB61D3}.Release|Any CPU.ActiveCfg = Release|Any CPU
		{9C4E3BD6-87B7-4386-9361-98192CDB61D3}.Release|Any CPU.Build.0 = Release|Any CPU
	EndGlobalSection
	GlobalSection(SolutionProperties) = preSolution
		HideSolutionNode = FALSE
	EndGlobalSection
	GlobalSection(ExtensibilityGlobals) = postSolution
		SolutionGuid = {16CEBD16-04DF-4802-963B-658C99866F97}
	EndGlobalSection
EndGlobal
