
Microsoft Visual Studio Solution File, Format Version 12.00
# Visual Studio Version 17
VisualStudioVersion = 17.13.35818.85 d17.13
MinimumVisualStudioVersion = 10.0.40219.1
Project("{FAE04EC0-301F-11D3-BF4B-00C04F79EFBC}") = "Action1", "Action1\Action1.csproj", "{1689300E-AEFC-4B75-A02A-C100D5B73DAA}"
EndProject
Global
	GlobalSection(SolutionConfigurationPlatforms) = preSolution
		Debug|Any CPU = Debug|Any CPU
		Release|Any CPU = Release|Any CPU
	EndGlobalSection
	GlobalSection(ProjectConfigurationPlatforms) = postSolution
		{1689300E-AEFC-4B75-A02A-C100D5B73DAA}.Debug|Any CPU.ActiveCfg = Debug|Any CPU
		{1689300E-AEFC-4B75-A02A-C100D5B73DAA}.Debug|Any CPU.Build.0 = Debug|Any CPU
		{1689300E-AEFC-4B75-A02A-C100D5B73DAA}.Release|Any CPU.ActiveCfg = Release|Any CPU
		{1689300E-AEFC-4B75-A02A-C100D5B73DAA}.Release|Any CPU.Build.0 = Release|Any CPU
	EndGlobalSection
	GlobalSection(SolutionProperties) = preSolution
		HideSolutionNode = FALSE
	EndGlobalSection
	GlobalSection(ExtensibilityGlobals) = postSolution
		SolutionGuid = {FC08CE9E-2564-4E0F-B9D2-67904D1C2AD5}
	EndGlobalSection
EndGlobal
