
Microsoft Visual Studio Solution File, Format Version 12.00
# Visual Studio Version 17
VisualStudioVersion = 17.13.35818.85 d17.13
MinimumVisualStudioVersion = 10.0.40219.1
Project("{FAE04EC0-301F-11D3-BF4B-00C04F79EFBC}") = "LikeLionTest39", "LikeLionTest39\LikeLionTest39.csproj", "{D5F9C927-9E90-4DB0-AB80-63B5EFC42543}"
EndProject
Global
	GlobalSection(SolutionConfigurationPlatforms) = preSolution
		Debug|Any CPU = Debug|Any CPU
		Release|Any CPU = Release|Any CPU
	EndGlobalSection
	GlobalSection(ProjectConfigurationPlatforms) = postSolution
		{D5F9C927-9E90-4DB0-AB80-63B5EFC42543}.Debug|Any CPU.ActiveCfg = Debug|Any CPU
		{D5F9C927-9E90-4DB0-AB80-63B5EFC42543}.Debug|Any CPU.Build.0 = Debug|Any CPU
		{D5F9C927-9E90-4DB0-AB80-63B5EFC42543}.Release|Any CPU.ActiveCfg = Release|Any CPU
		{D5F9C927-9E90-4DB0-AB80-63B5EFC42543}.Release|Any CPU.Build.0 = Release|Any CPU
	EndGlobalSection
	GlobalSection(SolutionProperties) = preSolution
		HideSolutionNode = FALSE
	EndGlobalSection
	GlobalSection(ExtensibilityGlobals) = postSolution
		SolutionGuid = {8D0DFA50-CA6D-4B01-9EEF-92B750B99923}
	EndGlobalSection
EndGlobal
