
Microsoft Visual Studio Solution File, Format Version 12.00
# Visual Studio Version 17
VisualStudioVersion = 17.13.35818.85 d17.13
MinimumVisualStudioVersion = 10.0.40219.1
Project("{FAE04EC0-301F-11D3-BF4B-00C04F79EFBC}") = "LikeLionTest12", "LikeLionTest12\LikeLionTest12.csproj", "{B6F3DBF4-B459-4055-8FA0-7609D99D96DE}"
EndProject
Global
	GlobalSection(SolutionConfigurationPlatforms) = preSolution
		Debug|Any CPU = Debug|Any CPU
		Release|Any CPU = Release|Any CPU
	EndGlobalSection
	GlobalSection(ProjectConfigurationPlatforms) = postSolution
		{B6F3DBF4-B459-4055-8FA0-7609D99D96DE}.Debug|Any CPU.ActiveCfg = Debug|Any CPU
		{B6F3DBF4-B459-4055-8FA0-7609D99D96DE}.Debug|Any CPU.Build.0 = Debug|Any CPU
		{B6F3DBF4-B459-4055-8FA0-7609D99D96DE}.Release|Any CPU.ActiveCfg = Release|Any CPU
		{B6F3DBF4-B459-4055-8FA0-7609D99D96DE}.Release|Any CPU.Build.0 = Release|Any CPU
	EndGlobalSection
	GlobalSection(SolutionProperties) = preSolution
		HideSolutionNode = FALSE
	EndGlobalSection
	GlobalSection(ExtensibilityGlobals) = postSolution
		SolutionGuid = {D683D914-DA2D-4E23-8A16-4634A756514F}
	EndGlobalSection
EndGlobal
