
Microsoft Visual Studio Solution File, Format Version 12.00
# Visual Studio Version 17
VisualStudioVersion = 17.13.35818.85 d17.13
MinimumVisualStudioVersion = 10.0.40219.1
Project("{FAE04EC0-301F-11D3-BF4B-00C04F79EFBC}") = "Minesweeper", "Minesweeper\Minesweeper.csproj", "{FA48FB18-5497-4CE5-ABB9-F5117D602158}"
EndProject
Global
	GlobalSection(SolutionConfigurationPlatforms) = preSolution
		Debug|Any CPU = Debug|Any CPU
		Release|Any CPU = Release|Any CPU
	EndGlobalSection
	GlobalSection(ProjectConfigurationPlatforms) = postSolution
		{FA48FB18-5497-4CE5-ABB9-F5117D602158}.Debug|Any CPU.ActiveCfg = Debug|Any CPU
		{FA48FB18-5497-4CE5-ABB9-F5117D602158}.Debug|Any CPU.Build.0 = Debug|Any CPU
		{FA48FB18-5497-4CE5-ABB9-F5117D602158}.Release|Any CPU.ActiveCfg = Release|Any CPU
		{FA48FB18-5497-4CE5-ABB9-F5117D602158}.Release|Any CPU.Build.0 = Release|Any CPU
	EndGlobalSection
	GlobalSection(SolutionProperties) = preSolution
		HideSolutionNode = FALSE
	EndGlobalSection
	GlobalSection(ExtensibilityGlobals) = postSolution
		SolutionGuid = {34D2F7A0-2BB2-4777-8E28-8D53A4BF0252}
	EndGlobalSection
EndGlobal
