
Microsoft Visual Studio Solution File, Format Version 12.00
# Visual Studio Version 17
VisualStudioVersion = 17.13.35818.85 d17.13
MinimumVisualStudioVersion = 10.0.40219.1
Project("{FAE04EC0-301F-11D3-BF4B-00C04F79EFBC}") = "LikeLionTest48", "LikeLionTest48\LikeLionTest48.csproj", "{FE809B03-A207-4891-AEF1-314587F5ED64}"
EndProject
Global
	GlobalSection(SolutionConfigurationPlatforms) = preSolution
		Debug|Any CPU = Debug|Any CPU
		Release|Any CPU = Release|Any CPU
	EndGlobalSection
	GlobalSection(ProjectConfigurationPlatforms) = postSolution
		{FE809B03-A207-4891-AEF1-314587F5ED64}.Debug|Any CPU.ActiveCfg = Debug|Any CPU
		{FE809B03-A207-4891-AEF1-314587F5ED64}.Debug|Any CPU.Build.0 = Debug|Any CPU
		{FE809B03-A207-4891-AEF1-314587F5ED64}.Release|Any CPU.ActiveCfg = Release|Any CPU
		{FE809B03-A207-4891-AEF1-314587F5ED64}.Release|Any CPU.Build.0 = Release|Any CPU
	EndGlobalSection
	GlobalSection(SolutionProperties) = preSolution
		HideSolutionNode = FALSE
	EndGlobalSection
	GlobalSection(ExtensibilityGlobals) = postSolution
		SolutionGuid = {F2BD1F8C-E293-4CCF-86F6-A66218A0F344}
	EndGlobalSection
EndGlobal
