
Microsoft Visual Studio Solution File, Format Version 12.00
# Visual Studio Version 17
VisualStudioVersion = 17.13.35818.85 d17.13
MinimumVisualStudioVersion = 10.0.40219.1
Project("{FAE04EC0-301F-11D3-BF4B-00C04F79EFBC}") = "LikeLionTest3", "LikeLionTest3\LikeLionTest3.csproj", "{2F09013F-A74E-4D58-A4D5-0BCD393D524F}"
EndProject
Global
	GlobalSection(SolutionConfigurationPlatforms) = preSolution
		Debug|Any CPU = Debug|Any CPU
		Release|Any CPU = Release|Any CPU
	EndGlobalSection
	GlobalSection(ProjectConfigurationPlatforms) = postSolution
		{2F09013F-A74E-4D58-A4D5-0BCD393D524F}.Debug|Any CPU.ActiveCfg = Debug|Any CPU
		{2F09013F-A74E-4D58-A4D5-0BCD393D524F}.Debug|Any CPU.Build.0 = Debug|Any CPU
		{2F09013F-A74E-4D58-A4D5-0BCD393D524F}.Release|Any CPU.ActiveCfg = Release|Any CPU
		{2F09013F-A74E-4D58-A4D5-0BCD393D524F}.Release|Any CPU.Build.0 = Release|Any CPU
	EndGlobalSection
	GlobalSection(SolutionProperties) = preSolution
		HideSolutionNode = FALSE
	EndGlobalSection
	GlobalSection(ExtensibilityGlobals) = postSolution
		SolutionGuid = {B45C8FC9-7EB5-4D24-A739-495690481FAB}
	EndGlobalSection
EndGlobal
