
Microsoft Visual Studio Solution File, Format Version 12.00
# Visual Studio Version 17
VisualStudioVersion = 17.13.35818.85 d17.13
MinimumVisualStudioVersion = 10.0.40219.1
Project("{FAE04EC0-301F-11D3-BF4B-00C04F79EFBC}") = "LikeLionTest31", "LikeLionTest31\LikeLionTest31.csproj", "{912ADFEE-CEF2-44C9-AC35-14220CB3CCBF}"
EndProject
Global
	GlobalSection(SolutionConfigurationPlatforms) = preSolution
		Debug|Any CPU = Debug|Any CPU
		Release|Any CPU = Release|Any CPU
	EndGlobalSection
	GlobalSection(ProjectConfigurationPlatforms) = postSolution
		{912ADFEE-CEF2-44C9-AC35-14220CB3CCBF}.Debug|Any CPU.ActiveCfg = Debug|Any CPU
		{912ADFEE-CEF2-44C9-AC35-14220CB3CCBF}.Debug|Any CPU.Build.0 = Debug|Any CPU
		{912ADFEE-CEF2-44C9-AC35-14220CB3CCBF}.Release|Any CPU.ActiveCfg = Release|Any CPU
		{912ADFEE-CEF2-44C9-AC35-14220CB3CCBF}.Release|Any CPU.Build.0 = Release|Any CPU
	EndGlobalSection
	GlobalSection(SolutionProperties) = preSolution
		HideSolutionNode = FALSE
	EndGlobalSection
	GlobalSection(ExtensibilityGlobals) = postSolution
		SolutionGuid = {50E97105-1C55-42A5-A580-1BFF45647556}
	EndGlobalSection
EndGlobal
