
Microsoft Visual Studio Solution File, Format Version 12.00
# Visual Studio Version 17
VisualStudioVersion = 17.13.35818.85 d17.13
MinimumVisualStudioVersion = 10.0.40219.1
Project("{FAE04EC0-301F-11D3-BF4B-00C04F79EFBC}") = "LikeLionTest49", "LikeLionTest49\LikeLionTest49.csproj", "{ACCBBABC-1BA5-4C0D-97DD-F6BAAD46C6F2}"
EndProject
Global
	GlobalSection(SolutionConfigurationPlatforms) = preSolution
		Debug|Any CPU = Debug|Any CPU
		Release|Any CPU = Release|Any CPU
	EndGlobalSection
	GlobalSection(ProjectConfigurationPlatforms) = postSolution
		{ACCBBABC-1BA5-4C0D-97DD-F6BAAD46C6F2}.Debug|Any CPU.ActiveCfg = Debug|Any CPU
		{ACCBBABC-1BA5-4C0D-97DD-F6BAAD46C6F2}.Debug|Any CPU.Build.0 = Debug|Any CPU
		{ACCBBABC-1BA5-4C0D-97DD-F6BAAD46C6F2}.Release|Any CPU.ActiveCfg = Release|Any CPU
		{ACCBBABC-1BA5-4C0D-97DD-F6BAAD46C6F2}.Release|Any CPU.Build.0 = Release|Any CPU
	EndGlobalSection
	GlobalSection(SolutionProperties) = preSolution
		HideSolutionNode = FALSE
	EndGlobalSection
	GlobalSection(ExtensibilityGlobals) = postSolution
		SolutionGuid = {660403E4-3E49-40EC-9118-CE9441913B1A}
	EndGlobalSection
EndGlobal
