
Microsoft Visual Studio Solution File, Format Version 12.00
# Visual Studio Version 17
VisualStudioVersion = 17.13.35818.85 d17.13
MinimumVisualStudioVersion = 10.0.40219.1
Project("{FAE04EC0-301F-11D3-BF4B-00C04F79EFBC}") = "LikeLionTest25", "LikeLionTest25\LikeLionTest25.csproj", "{D174AF52-1F3C-43EB-9CB0-9C008F7A1029}"
EndProject
Global
	GlobalSection(SolutionConfigurationPlatforms) = preSolution
		Debug|Any CPU = Debug|Any CPU
		Release|Any CPU = Release|Any CPU
	EndGlobalSection
	GlobalSection(ProjectConfigurationPlatforms) = postSolution
		{D174AF52-1F3C-43EB-9CB0-9C008F7A1029}.Debug|Any CPU.ActiveCfg = Debug|Any CPU
		{D174AF52-1F3C-43EB-9CB0-9C008F7A1029}.Debug|Any CPU.Build.0 = Debug|Any CPU
		{D174AF52-1F3C-43EB-9CB0-9C008F7A1029}.Release|Any CPU.ActiveCfg = Release|Any CPU
		{D174AF52-1F3C-43EB-9CB0-9C008F7A1029}.Release|Any CPU.Build.0 = Release|Any CPU
	EndGlobalSection
	GlobalSection(SolutionProperties) = preSolution
		HideSolutionNode = FALSE
	EndGlobalSection
	GlobalSection(ExtensibilityGlobals) = postSolution
		SolutionGuid = {966AF8A4-F1ED-4A4F-A5DD-F7461951B5B6}
	EndGlobalSection
EndGlobal
