
Microsoft Visual Studio Solution File, Format Version 12.00
# Visual Studio Version 17
VisualStudioVersion = 17.13.35818.85 d17.13
MinimumVisualStudioVersion = 10.0.40219.1
Project("{FAE04EC0-301F-11D3-BF4B-00C04F79EFBC}") = "LikeLionTest47", "LikeLionTest47\LikeLionTest47.csproj", "{36D76477-619C-4161-A947-0F35220061CB}"
EndProject
Global
	GlobalSection(SolutionConfigurationPlatforms) = preSolution
		Debug|Any CPU = Debug|Any CPU
		Release|Any CPU = Release|Any CPU
	EndGlobalSection
	GlobalSection(ProjectConfigurationPlatforms) = postSolution
		{36D76477-619C-4161-A947-0F35220061CB}.Debug|Any CPU.ActiveCfg = Debug|Any CPU
		{36D76477-619C-4161-A947-0F35220061CB}.Debug|Any CPU.Build.0 = Debug|Any CPU
		{36D76477-619C-4161-A947-0F35220061CB}.Release|Any CPU.ActiveCfg = Release|Any CPU
		{36D76477-619C-4161-A947-0F35220061CB}.Release|Any CPU.Build.0 = Release|Any CPU
	EndGlobalSection
	GlobalSection(SolutionProperties) = preSolution
		HideSolutionNode = FALSE
	EndGlobalSection
	GlobalSection(ExtensibilityGlobals) = postSolution
		SolutionGuid = {3145B6A2-3BB2-465B-82DA-5FCE43111761}
	EndGlobalSection
EndGlobal
