
Microsoft Visual Studio Solution File, Format Version 12.00
# Visual Studio Version 17
VisualStudioVersion = 17.13.35818.85 d17.13
MinimumVisualStudioVersion = 10.0.40219.1
Project("{FAE04EC0-301F-11D3-BF4B-00C04F79EFBC}") = "TodayTask2", "TodayTask2\TodayTask2.csproj", "{22660EFB-5266-4B03-9117-2A86DC190284}"
EndProject
Global
	GlobalSection(SolutionConfigurationPlatforms) = preSolution
		Debug|Any CPU = Debug|Any CPU
		Release|Any CPU = Release|Any CPU
	EndGlobalSection
	GlobalSection(ProjectConfigurationPlatforms) = postSolution
		{22660EFB-5266-4B03-9117-2A86DC190284}.Debug|Any CPU.ActiveCfg = Debug|Any CPU
		{22660EFB-5266-4B03-9117-2A86DC190284}.Debug|Any CPU.Build.0 = Debug|Any CPU
		{22660EFB-5266-4B03-9117-2A86DC190284}.Release|Any CPU.ActiveCfg = Release|Any CPU
		{22660EFB-5266-4B03-9117-2A86DC190284}.Release|Any CPU.Build.0 = Release|Any CPU
	EndGlobalSection
	GlobalSection(SolutionProperties) = preSolution
		HideSolutionNode = FALSE
	EndGlobalSection
	GlobalSection(ExtensibilityGlobals) = postSolution
		SolutionGuid = {3B145EF6-875D-4973-9AC8-C0DEC864B8F8}
	EndGlobalSection
EndGlobal
